
Microsoft Visual Studio Solution File, Format Version 12.00
# Visual Studio Version 17
VisualStudioVersion = 17.8.34309.116
MinimumVisualStudioVersion = 10.0.40219.1
Project("{8BC9CEB8-8B4A-11D0-8D11-00A0C91BC942}") = "Program", "Program.vcxproj", "{D1F66289-FED0-4C5D-BB06-9E957E5A3D5E}"
EndProject
Project("{8BC9CEB8-8B4A-11D0-8D11-00A0C91BC942}") = "Class01th (Time Complexity & Space Complexity)", "..\Class01th (Time Complexity & Space Complexity)\Class01th (Time Complexity & Space Complexity).vcxproj", "{1633C762-6704-48D4-9F15-81B9B76FF36B}"
EndProject
Project("{8BC9CEB8-8B4A-11D0-8D11-00A0C91BC942}") = "Class02th (Brute Force)", "..\class02th (Brute Force)\class02th (Brute Force).vcxproj", "{7BCC2854-66B0-4C40-B19A-7EA709E9A28E}"
EndProject
Project("{8BC9CEB8-8B4A-11D0-8D11-00A0C91BC942}") = "Class03th (Double Sort)", "..\Class03th (Double Sort)\Class03th (Double Sort).vcxproj", "{3123AC35-7241-48FC-83FF-8C5FF07B3080}"
EndProject
Project("{8BC9CEB8-8B4A-11D0-8D11-00A0C91BC942}") = "Class04th (Select Sort)", "..\Class04th (Select Sort)\Class04th (Select Sort).vcxproj", "{4DC07035-B9C9-45D3-B598-043688AF6FD7}"
EndProject
Project("{8BC9CEB8-8B4A-11D0-8D11-00A0C91BC942}") = "Class05th (Insert Sort)", "..\Class05th (Insert Sort)\Class05th (Insert Sort).vcxproj", "{659CC4BB-DF3D-494E-8371-D175BD8EB631}"
EndProject
Project("{8BC9CEB8-8B4A-11D0-8D11-00A0C91BC942}") = "Class06th (Euclidean)", "..\Class06th (Euclidean)\Class06th (Euclidean).vcxproj", "{381E9645-5D4E-4600-AEDC-9B78A18DBDF2}"
EndProject
Project("{8BC9CEB8-8B4A-11D0-8D11-00A0C91BC942}") = "Class07th (Sieve of Eratosthenes)", "..\Class07th (Sieve of Eratosthenes)\Class07th (Sieve of Eratosthenes).vcxproj", "{70C9EF2A-3B78-4407-9415-F47D5BBBC1E4}"
EndProject
Project("{8BC9CEB8-8B4A-11D0-8D11-00A0C91BC942}") = "Class08th (Counting Sort)", "..\Class08th (Counting Sort)\Class08th (Counting Sort).vcxproj", "{0A43A3D0-59FB-4355-8788-9B19541BF2EF}"
EndProject
Global
	GlobalSection(SolutionConfigurationPlatforms) = preSolution
		Debug|x64 = Debug|x64
		Debug|x86 = Debug|x86
		Release|x64 = Release|x64
		Release|x86 = Release|x86
	EndGlobalSection
	GlobalSection(ProjectConfigurationPlatforms) = postSolution
		{D1F66289-FED0-4C5D-BB06-9E957E5A3D5E}.Debug|x64.ActiveCfg = Debug|x64
		{D1F66289-FED0-4C5D-BB06-9E957E5A3D5E}.Debug|x64.Build.0 = Debug|x64
		{D1F66289-FED0-4C5D-BB06-9E957E5A3D5E}.Debug|x86.ActiveCfg = Debug|Win32
		{D1F66289-FED0-4C5D-BB06-9E957E5A3D5E}.Debug|x86.Build.0 = Debug|Win32
		{D1F66289-FED0-4C5D-BB06-9E957E5A3D5E}.Release|x64.ActiveCfg = Release|x64
		{D1F66289-FED0-4C5D-BB06-9E957E5A3D5E}.Release|x64.Build.0 = Release|x64
		{D1F66289-FED0-4C5D-BB06-9E957E5A3D5E}.Release|x86.ActiveCfg = Release|Win32
		{D1F66289-FED0-4C5D-BB06-9E957E5A3D5E}.Release|x86.Build.0 = Release|Win32
		{1633C762-6704-48D4-9F15-81B9B76FF36B}.Debug|x64.ActiveCfg = Debug|x64
		{1633C762-6704-48D4-9F15-81B9B76FF36B}.Debug|x64.Build.0 = Debug|x64
		{1633C762-6704-48D4-9F15-81B9B76FF36B}.Debug|x86.ActiveCfg = Debug|Win32
		{1633C762-6704-48D4-9F15-81B9B76FF36B}.Debug|x86.Build.0 = Debug|Win32
		{1633C762-6704-48D4-9F15-81B9B76FF36B}.Release|x64.ActiveCfg = Release|x64
		{1633C762-6704-48D4-9F15-81B9B76FF36B}.Release|x64.Build.0 = Release|x64
		{1633C762-6704-48D4-9F15-81B9B76FF36B}.Release|x86.ActiveCfg = Release|Win32
		{1633C762-6704-48D4-9F15-81B9B76FF36B}.Release|x86.Build.0 = Release|Win32
		{7BCC2854-66B0-4C40-B19A-7EA709E9A28E}.Debug|x64.ActiveCfg = Debug|x64
		{7BCC2854-66B0-4C40-B19A-7EA709E9A28E}.Debug|x64.Build.0 = Debug|x64
		{7BCC2854-66B0-4C40-B19A-7EA709E9A28E}.Debug|x86.ActiveCfg = Debug|Win32
		{7BCC2854-66B0-4C40-B19A-7EA709E9A28E}.Debug|x86.Build.0 = Debug|Win32
		{7BCC2854-66B0-4C40-B19A-7EA709E9A28E}.Release|x64.ActiveCfg = Release|x64
		{7BCC2854-66B0-4C40-B19A-7EA709E9A28E}.Release|x64.Build.0 = Release|x64
		{7BCC2854-66B0-4C40-B19A-7EA709E9A28E}.Release|x86.ActiveCfg = Release|Win32
		{7BCC2854-66B0-4C40-B19A-7EA709E9A28E}.Release|x86.Build.0 = Release|Win32
		{3123AC35-7241-48FC-83FF-8C5FF07B3080}.Debug|x64.ActiveCfg = Debug|x64
		{3123AC35-7241-48FC-83FF-8C5FF07B3080}.Debug|x64.Build.0 = Debug|x64
		{3123AC35-7241-48FC-83FF-8C5FF07B3080}.Debug|x86.ActiveCfg = Debug|Win32
		{3123AC35-7241-48FC-83FF-8C5FF07B3080}.Debug|x86.Build.0 = Debug|Win32
		{3123AC35-7241-48FC-83FF-8C5FF07B3080}.Release|x64.ActiveCfg = Release|x64
		{3123AC35-7241-48FC-83FF-8C5FF07B3080}.Release|x64.Build.0 = Release|x64
		{3123AC35-7241-48FC-83FF-8C5FF07B3080}.Release|x86.ActiveCfg = Release|Win32
		{3123AC35-7241-48FC-83FF-8C5FF07B3080}.Release|x86.Build.0 = Release|Win32
		{4DC07035-B9C9-45D3-B598-043688AF6FD7}.Debug|x64.ActiveCfg = Debug|x64
		{4DC07035-B9C9-45D3-B598-043688AF6FD7}.Debug|x64.Build.0 = Debug|x64
		{4DC07035-B9C9-45D3-B598-043688AF6FD7}.Debug|x86.ActiveCfg = Debug|Win32
		{4DC07035-B9C9-45D3-B598-043688AF6FD7}.Debug|x86.Build.0 = Debug|Win32
		{4DC07035-B9C9-45D3-B598-043688AF6FD7}.Release|x64.ActiveCfg = Release|x64
		{4DC07035-B9C9-45D3-B598-043688AF6FD7}.Release|x64.Build.0 = Release|x64
		{4DC07035-B9C9-45D3-B598-043688AF6FD7}.Release|x86.ActiveCfg = Release|Win32
		{4DC07035-B9C9-45D3-B598-043688AF6FD7}.Release|x86.Build.0 = Release|Win32
		{659CC4BB-DF3D-494E-8371-D175BD8EB631}.Debug|x64.ActiveCfg = Debug|x64
		{659CC4BB-DF3D-494E-8371-D175BD8EB631}.Debug|x64.Build.0 = Debug|x64
		{659CC4BB-DF3D-494E-8371-D175BD8EB631}.Debug|x86.ActiveCfg = Debug|Win32
		{659CC4BB-DF3D-494E-8371-D175BD8EB631}.Debug|x86.Build.0 = Debug|Win32
		{659CC4BB-DF3D-494E-8371-D175BD8EB631}.Release|x64.ActiveCfg = Release|x64
		{659CC4BB-DF3D-494E-8371-D175BD8EB631}.Release|x64.Build.0 = Release|x64
		{659CC4BB-DF3D-494E-8371-D175BD8EB631}.Release|x86.ActiveCfg = Release|Win32
		{659CC4BB-DF3D-494E-8371-D175BD8EB631}.Release|x86.Build.0 = Release|Win32
		{381E9645-5D4E-4600-AEDC-9B78A18DBDF2}.Debug|x64.ActiveCfg = Debug|x64
		{381E9645-5D4E-4600-AEDC-9B78A18DBDF2}.Debug|x64.Build.0 = Debug|x64
		{381E9645-5D4E-4600-AEDC-9B78A18DBDF2}.Debug|x86.ActiveCfg = Debug|Win32
		{381E9645-5D4E-4600-AEDC-9B78A18DBDF2}.Debug|x86.Build.0 = Debug|Win32
		{381E9645-5D4E-4600-AEDC-9B78A18DBDF2}.Release|x64.ActiveCfg = Release|x64
		{381E9645-5D4E-4600-AEDC-9B78A18DBDF2}.Release|x64.Build.0 = Release|x64
		{381E9645-5D4E-4600-AEDC-9B78A18DBDF2}.Release|x86.ActiveCfg = Release|Win32
		{381E9645-5D4E-4600-AEDC-9B78A18DBDF2}.Release|x86.Build.0 = Release|Win32
		{70C9EF2A-3B78-4407-9415-F47D5BBBC1E4}.Debug|x64.ActiveCfg = Debug|x64
		{70C9EF2A-3B78-4407-9415-F47D5BBBC1E4}.Debug|x64.Build.0 = Debug|x64
		{70C9EF2A-3B78-4407-9415-F47D5BBBC1E4}.Debug|x86.ActiveCfg = Debug|Win32
		{70C9EF2A-3B78-4407-9415-F47D5BBBC1E4}.Debug|x86.Build.0 = Debug|Win32
		{70C9EF2A-3B78-4407-9415-F47D5BBBC1E4}.Release|x64.ActiveCfg = Release|x64
		{70C9EF2A-3B78-4407-9415-F47D5BBBC1E4}.Release|x64.Build.0 = Release|x64
		{70C9EF2A-3B78-4407-9415-F47D5BBBC1E4}.Release|x86.ActiveCfg = Release|Win32
		{70C9EF2A-3B78-4407-9415-F47D5BBBC1E4}.Release|x86.Build.0 = Release|Win32
		{0A43A3D0-59FB-4355-8788-9B19541BF2EF}.Debug|x64.ActiveCfg = Debug|x64
		{0A43A3D0-59FB-4355-8788-9B19541BF2EF}.Debug|x64.Build.0 = Debug|x64
		{0A43A3D0-59FB-4355-8788-9B19541BF2EF}.Debug|x86.ActiveCfg = Debug|Win32
		{0A43A3D0-59FB-4355-8788-9B19541BF2EF}.Debug|x86.Build.0 = Debug|Win32
		{0A43A3D0-59FB-4355-8788-9B19541BF2EF}.Release|x64.ActiveCfg = Release|x64
		{0A43A3D0-59FB-4355-8788-9B19541BF2EF}.Release|x64.Build.0 = Release|x64
		{0A43A3D0-59FB-4355-8788-9B19541BF2EF}.Release|x86.ActiveCfg = Release|Win32
		{0A43A3D0-59FB-4355-8788-9B19541BF2EF}.Release|x86.Build.0 = Release|Win32
	EndGlobalSection
	GlobalSection(SolutionProperties) = preSolution
		HideSolutionNode = FALSE
	EndGlobalSection
	GlobalSection(ExtensibilityGlobals) = postSolution
		SolutionGuid = {17424074-006F-4C7D-A7B5-15959DCAD381}
	EndGlobalSection
EndGlobal
