
Microsoft Visual Studio Solution File, Format Version 12.00
# Visual Studio Version 17
VisualStudioVersion = 17.8.34309.116
MinimumVisualStudioVersion = 10.0.40219.1
Project("{8BC9CEB8-8B4A-11D0-8D11-00A0C91BC942}") = "Program", "Program.vcxproj", "{D1F66289-FED0-4C5D-BB06-9E957E5A3D5E}"
EndProject
Project("{8BC9CEB8-8B4A-11D0-8D11-00A0C91BC942}") = "Class01th (Time Complexity & Space Complexity)", "..\Class01th (Time Complexity & Space Complexity)\Class01th (Time Complexity & Space Complexity).vcxproj", "{1633C762-6704-48D4-9F15-81B9B76FF36B}"
EndProject
Project("{8BC9CEB8-8B4A-11D0-8D11-00A0C91BC942}") = "Class02th (Brute Force)", "..\class02th (Brute Force)\class02th (Brute Force).vcxproj", "{7BCC2854-66B0-4C40-B19A-7EA709E9A28E}"
EndProject
Project("{8BC9CEB8-8B4A-11D0-8D11-00A0C91BC942}") = "Class03th (Double Sort)", "..\Class03th (Double Sort)\Class03th (Double Sort).vcxproj", "{3123AC35-7241-48FC-83FF-8C5FF07B3080}"
EndProject
Project("{8BC9CEB8-8B4A-11D0-8D11-00A0C91BC942}") = "Class04th (Select Sort)", "..\Class04th (Select Sort)\Class04th (Select Sort).vcxproj", "{4DC07035-B9C9-45D3-B598-043688AF6FD7}"
EndProject
Project("{8BC9CEB8-8B4A-11D0-8D11-00A0C91BC942}") = "Class05th (Insert Sort)", "..\Class05th (Insert Sort)\Class05th (Insert Sort).vcxproj", "{659CC4BB-DF3D-494E-8371-D175BD8EB631}"
EndProject
Project("{8BC9CEB8-8B4A-11D0-8D11-00A0C91BC942}") = "Class06th (Euclidean)", "..\Class06th (Euclidean)\Class06th (Euclidean).vcxproj", "{381E9645-5D4E-4600-AEDC-9B78A18DBDF2}"
EndProject
Project("{8BC9CEB8-8B4A-11D0-8D11-00A0C91BC942}") = "Class07th (Sieve of Eratosthenes)", "..\Class07th (Sieve of Eratosthenes)\Class07th (Sieve of Eratosthenes).vcxproj", "{70C9EF2A-3B78-4407-9415-F47D5BBBC1E4}"
EndProject
Project("{8BC9CEB8-8B4A-11D0-8D11-00A0C91BC942}") = "Class08th (Counting Sort)", "..\Class08th (Counting Sort)\Class08th (Counting Sort).vcxproj", "{0A43A3D0-59FB-4355-8788-9B19541BF2EF}"
EndProject
Project("{8BC9CEB8-8B4A-11D0-8D11-00A0C91BC942}") = "Class09th (Divide and Conquer)", "..\Class09th (Divide and Conquer)\Class09th (Divide and Conquer).vcxproj", "{D7785F37-4B87-4E33-974D-15BE7410C757}"
EndProject
Project("{8BC9CEB8-8B4A-11D0-8D11-00A0C91BC942}") = "Class10th (Binary Search)", "..\Class10th (Binary Search)\Class10th (Binary Search).vcxproj", "{02142C9B-DEE3-4AF9-93AB-477136755DE3}"
EndProject
Project("{8BC9CEB8-8B4A-11D0-8D11-00A0C91BC942}") = "Class11th (Quick Sort)", "..\Class11th (Quick Sort)\Class11th (Quick Sort).vcxproj", "{089C48B2-F6A1-40F9-8FF2-A12E5ED1D7A6}"
EndProject
Project("{8BC9CEB8-8B4A-11D0-8D11-00A0C91BC942}") = "Class12th (Merge Sort)", "..\Class12th (Merge Sort)\Class12th (Merge Sort).vcxproj", "{E2CA74B3-8066-41DD-B491-351FA540E4F5}"
EndProject
Project("{8BC9CEB8-8B4A-11D0-8D11-00A0C91BC942}") = "Class13th (Dynamic Programming)", "..\Class13th (Dynamic Programming)\Class13th (Dynamic Programming).vcxproj", "{6606C3DE-CFBE-4D91-A916-2D0A6ED1FAED}"
EndProject
Project("{8BC9CEB8-8B4A-11D0-8D11-00A0C91BC942}") = "Class14th (Greedy)", "..\Class14th (Greedy)\Class14th (Greedy).vcxproj", "{15D51879-21DA-4C68-A746-483EAB12072E}"
EndProject
Project("{8BC9CEB8-8B4A-11D0-8D11-00A0C91BC942}") = "Class15th (Depth First Search)", "..\Class15th (Depth First Search)\Class15th (Depth First Search).vcxproj", "{8A5DE804-670F-47D2-87AE-559CBCD4F843}"
EndProject
Project("{8BC9CEB8-8B4A-11D0-8D11-00A0C91BC942}") = "Class16th (Breadth First Search)", "..\Class16th (Breadth First Search)\Class16th (Breadth First Search).vcxproj", "{01AC45B4-AE76-405A-A501-C2DF55C91CF7}"
EndProject
Global
	GlobalSection(SolutionConfigurationPlatforms) = preSolution
		Debug|x64 = Debug|x64
		Debug|x86 = Debug|x86
		Release|x64 = Release|x64
		Release|x86 = Release|x86
	EndGlobalSection
	GlobalSection(ProjectConfigurationPlatforms) = postSolution
		{D1F66289-FED0-4C5D-BB06-9E957E5A3D5E}.Debug|x64.ActiveCfg = Debug|x64
		{D1F66289-FED0-4C5D-BB06-9E957E5A3D5E}.Debug|x64.Build.0 = Debug|x64
		{D1F66289-FED0-4C5D-BB06-9E957E5A3D5E}.Debug|x86.ActiveCfg = Debug|Win32
		{D1F66289-FED0-4C5D-BB06-9E957E5A3D5E}.Debug|x86.Build.0 = Debug|Win32
		{D1F66289-FED0-4C5D-BB06-9E957E5A3D5E}.Release|x64.ActiveCfg = Release|x64
		{D1F66289-FED0-4C5D-BB06-9E957E5A3D5E}.Release|x64.Build.0 = Release|x64
		{D1F66289-FED0-4C5D-BB06-9E957E5A3D5E}.Release|x86.ActiveCfg = Release|Win32
		{D1F66289-FED0-4C5D-BB06-9E957E5A3D5E}.Release|x86.Build.0 = Release|Win32
		{1633C762-6704-48D4-9F15-81B9B76FF36B}.Debug|x64.ActiveCfg = Debug|x64
		{1633C762-6704-48D4-9F15-81B9B76FF36B}.Debug|x64.Build.0 = Debug|x64
		{1633C762-6704-48D4-9F15-81B9B76FF36B}.Debug|x86.ActiveCfg = Debug|Win32
		{1633C762-6704-48D4-9F15-81B9B76FF36B}.Debug|x86.Build.0 = Debug|Win32
		{1633C762-6704-48D4-9F15-81B9B76FF36B}.Release|x64.ActiveCfg = Release|x64
		{1633C762-6704-48D4-9F15-81B9B76FF36B}.Release|x64.Build.0 = Release|x64
		{1633C762-6704-48D4-9F15-81B9B76FF36B}.Release|x86.ActiveCfg = Release|Win32
		{1633C762-6704-48D4-9F15-81B9B76FF36B}.Release|x86.Build.0 = Release|Win32
		{7BCC2854-66B0-4C40-B19A-7EA709E9A28E}.Debug|x64.ActiveCfg = Debug|x64
		{7BCC2854-66B0-4C40-B19A-7EA709E9A28E}.Debug|x64.Build.0 = Debug|x64
		{7BCC2854-66B0-4C40-B19A-7EA709E9A28E}.Debug|x86.ActiveCfg = Debug|Win32
		{7BCC2854-66B0-4C40-B19A-7EA709E9A28E}.Debug|x86.Build.0 = Debug|Win32
		{7BCC2854-66B0-4C40-B19A-7EA709E9A28E}.Release|x64.ActiveCfg = Release|x64
		{7BCC2854-66B0-4C40-B19A-7EA709E9A28E}.Release|x64.Build.0 = Release|x64
		{7BCC2854-66B0-4C40-B19A-7EA709E9A28E}.Release|x86.ActiveCfg = Release|Win32
		{7BCC2854-66B0-4C40-B19A-7EA709E9A28E}.Release|x86.Build.0 = Release|Win32
		{3123AC35-7241-48FC-83FF-8C5FF07B3080}.Debug|x64.ActiveCfg = Debug|x64
		{3123AC35-7241-48FC-83FF-8C5FF07B3080}.Debug|x64.Build.0 = Debug|x64
		{3123AC35-7241-48FC-83FF-8C5FF07B3080}.Debug|x86.ActiveCfg = Debug|Win32
		{3123AC35-7241-48FC-83FF-8C5FF07B3080}.Debug|x86.Build.0 = Debug|Win32
		{3123AC35-7241-48FC-83FF-8C5FF07B3080}.Release|x64.ActiveCfg = Release|x64
		{3123AC35-7241-48FC-83FF-8C5FF07B3080}.Release|x64.Build.0 = Release|x64
		{3123AC35-7241-48FC-83FF-8C5FF07B3080}.Release|x86.ActiveCfg = Release|Win32
		{3123AC35-7241-48FC-83FF-8C5FF07B3080}.Release|x86.Build.0 = Release|Win32
		{4DC07035-B9C9-45D3-B598-043688AF6FD7}.Debug|x64.ActiveCfg = Debug|x64
		{4DC07035-B9C9-45D3-B598-043688AF6FD7}.Debug|x64.Build.0 = Debug|x64
		{4DC07035-B9C9-45D3-B598-043688AF6FD7}.Debug|x86.ActiveCfg = Debug|Win32
		{4DC07035-B9C9-45D3-B598-043688AF6FD7}.Debug|x86.Build.0 = Debug|Win32
		{4DC07035-B9C9-45D3-B598-043688AF6FD7}.Release|x64.ActiveCfg = Release|x64
		{4DC07035-B9C9-45D3-B598-043688AF6FD7}.Release|x64.Build.0 = Release|x64
		{4DC07035-B9C9-45D3-B598-043688AF6FD7}.Release|x86.ActiveCfg = Release|Win32
		{4DC07035-B9C9-45D3-B598-043688AF6FD7}.Release|x86.Build.0 = Release|Win32
		{659CC4BB-DF3D-494E-8371-D175BD8EB631}.Debug|x64.ActiveCfg = Debug|x64
		{659CC4BB-DF3D-494E-8371-D175BD8EB631}.Debug|x64.Build.0 = Debug|x64
		{659CC4BB-DF3D-494E-8371-D175BD8EB631}.Debug|x86.ActiveCfg = Debug|Win32
		{659CC4BB-DF3D-494E-8371-D175BD8EB631}.Debug|x86.Build.0 = Debug|Win32
		{659CC4BB-DF3D-494E-8371-D175BD8EB631}.Release|x64.ActiveCfg = Release|x64
		{659CC4BB-DF3D-494E-8371-D175BD8EB631}.Release|x64.Build.0 = Release|x64
		{659CC4BB-DF3D-494E-8371-D175BD8EB631}.Release|x86.ActiveCfg = Release|Win32
		{659CC4BB-DF3D-494E-8371-D175BD8EB631}.Release|x86.Build.0 = Release|Win32
		{381E9645-5D4E-4600-AEDC-9B78A18DBDF2}.Debug|x64.ActiveCfg = Debug|x64
		{381E9645-5D4E-4600-AEDC-9B78A18DBDF2}.Debug|x64.Build.0 = Debug|x64
		{381E9645-5D4E-4600-AEDC-9B78A18DBDF2}.Debug|x86.ActiveCfg = Debug|Win32
		{381E9645-5D4E-4600-AEDC-9B78A18DBDF2}.Debug|x86.Build.0 = Debug|Win32
		{381E9645-5D4E-4600-AEDC-9B78A18DBDF2}.Release|x64.ActiveCfg = Release|x64
		{381E9645-5D4E-4600-AEDC-9B78A18DBDF2}.Release|x64.Build.0 = Release|x64
		{381E9645-5D4E-4600-AEDC-9B78A18DBDF2}.Release|x86.ActiveCfg = Release|Win32
		{381E9645-5D4E-4600-AEDC-9B78A18DBDF2}.Release|x86.Build.0 = Release|Win32
		{70C9EF2A-3B78-4407-9415-F47D5BBBC1E4}.Debug|x64.ActiveCfg = Debug|x64
		{70C9EF2A-3B78-4407-9415-F47D5BBBC1E4}.Debug|x64.Build.0 = Debug|x64
		{70C9EF2A-3B78-4407-9415-F47D5BBBC1E4}.Debug|x86.ActiveCfg = Debug|Win32
		{70C9EF2A-3B78-4407-9415-F47D5BBBC1E4}.Debug|x86.Build.0 = Debug|Win32
		{70C9EF2A-3B78-4407-9415-F47D5BBBC1E4}.Release|x64.ActiveCfg = Release|x64
		{70C9EF2A-3B78-4407-9415-F47D5BBBC1E4}.Release|x64.Build.0 = Release|x64
		{70C9EF2A-3B78-4407-9415-F47D5BBBC1E4}.Release|x86.ActiveCfg = Release|Win32
		{70C9EF2A-3B78-4407-9415-F47D5BBBC1E4}.Release|x86.Build.0 = Release|Win32
		{0A43A3D0-59FB-4355-8788-9B19541BF2EF}.Debug|x64.ActiveCfg = Debug|x64
		{0A43A3D0-59FB-4355-8788-9B19541BF2EF}.Debug|x64.Build.0 = Debug|x64
		{0A43A3D0-59FB-4355-8788-9B19541BF2EF}.Debug|x86.ActiveCfg = Debug|Win32
		{0A43A3D0-59FB-4355-8788-9B19541BF2EF}.Debug|x86.Build.0 = Debug|Win32
		{0A43A3D0-59FB-4355-8788-9B19541BF2EF}.Release|x64.ActiveCfg = Release|x64
		{0A43A3D0-59FB-4355-8788-9B19541BF2EF}.Release|x64.Build.0 = Release|x64
		{0A43A3D0-59FB-4355-8788-9B19541BF2EF}.Release|x86.ActiveCfg = Release|Win32
		{0A43A3D0-59FB-4355-8788-9B19541BF2EF}.Release|x86.Build.0 = Release|Win32
		{D7785F37-4B87-4E33-974D-15BE7410C757}.Debug|x64.ActiveCfg = Debug|x64
		{D7785F37-4B87-4E33-974D-15BE7410C757}.Debug|x64.Build.0 = Debug|x64
		{D7785F37-4B87-4E33-974D-15BE7410C757}.Debug|x86.ActiveCfg = Debug|Win32
		{D7785F37-4B87-4E33-974D-15BE7410C757}.Debug|x86.Build.0 = Debug|Win32
		{D7785F37-4B87-4E33-974D-15BE7410C757}.Release|x64.ActiveCfg = Release|x64
		{D7785F37-4B87-4E33-974D-15BE7410C757}.Release|x64.Build.0 = Release|x64
		{D7785F37-4B87-4E33-974D-15BE7410C757}.Release|x86.ActiveCfg = Release|Win32
		{D7785F37-4B87-4E33-974D-15BE7410C757}.Release|x86.Build.0 = Release|Win32
		{02142C9B-DEE3-4AF9-93AB-477136755DE3}.Debug|x64.ActiveCfg = Debug|x64
		{02142C9B-DEE3-4AF9-93AB-477136755DE3}.Debug|x64.Build.0 = Debug|x64
		{02142C9B-DEE3-4AF9-93AB-477136755DE3}.Debug|x86.ActiveCfg = Debug|Win32
		{02142C9B-DEE3-4AF9-93AB-477136755DE3}.Debug|x86.Build.0 = Debug|Win32
		{02142C9B-DEE3-4AF9-93AB-477136755DE3}.Release|x64.ActiveCfg = Release|x64
		{02142C9B-DEE3-4AF9-93AB-477136755DE3}.Release|x64.Build.0 = Release|x64
		{02142C9B-DEE3-4AF9-93AB-477136755DE3}.Release|x86.ActiveCfg = Release|Win32
		{02142C9B-DEE3-4AF9-93AB-477136755DE3}.Release|x86.Build.0 = Release|Win32
		{089C48B2-F6A1-40F9-8FF2-A12E5ED1D7A6}.Debug|x64.ActiveCfg = Debug|x64
		{089C48B2-F6A1-40F9-8FF2-A12E5ED1D7A6}.Debug|x64.Build.0 = Debug|x64
		{089C48B2-F6A1-40F9-8FF2-A12E5ED1D7A6}.Debug|x86.ActiveCfg = Debug|Win32
		{089C48B2-F6A1-40F9-8FF2-A12E5ED1D7A6}.Debug|x86.Build.0 = Debug|Win32
		{089C48B2-F6A1-40F9-8FF2-A12E5ED1D7A6}.Release|x64.ActiveCfg = Release|x64
		{089C48B2-F6A1-40F9-8FF2-A12E5ED1D7A6}.Release|x64.Build.0 = Release|x64
		{089C48B2-F6A1-40F9-8FF2-A12E5ED1D7A6}.Release|x86.ActiveCfg = Release|Win32
		{089C48B2-F6A1-40F9-8FF2-A12E5ED1D7A6}.Release|x86.Build.0 = Release|Win32
		{E2CA74B3-8066-41DD-B491-351FA540E4F5}.Debug|x64.ActiveCfg = Debug|x64
		{E2CA74B3-8066-41DD-B491-351FA540E4F5}.Debug|x64.Build.0 = Debug|x64
		{E2CA74B3-8066-41DD-B491-351FA540E4F5}.Debug|x86.ActiveCfg = Debug|Win32
		{E2CA74B3-8066-41DD-B491-351FA540E4F5}.Debug|x86.Build.0 = Debug|Win32
		{E2CA74B3-8066-41DD-B491-351FA540E4F5}.Release|x64.ActiveCfg = Release|x64
		{E2CA74B3-8066-41DD-B491-351FA540E4F5}.Release|x64.Build.0 = Release|x64
		{E2CA74B3-8066-41DD-B491-351FA540E4F5}.Release|x86.ActiveCfg = Release|Win32
		{E2CA74B3-8066-41DD-B491-351FA540E4F5}.Release|x86.Build.0 = Release|Win32
		{6606C3DE-CFBE-4D91-A916-2D0A6ED1FAED}.Debug|x64.ActiveCfg = Debug|x64
		{6606C3DE-CFBE-4D91-A916-2D0A6ED1FAED}.Debug|x64.Build.0 = Debug|x64
		{6606C3DE-CFBE-4D91-A916-2D0A6ED1FAED}.Debug|x86.ActiveCfg = Debug|Win32
		{6606C3DE-CFBE-4D91-A916-2D0A6ED1FAED}.Debug|x86.Build.0 = Debug|Win32
		{6606C3DE-CFBE-4D91-A916-2D0A6ED1FAED}.Release|x64.ActiveCfg = Release|x64
		{6606C3DE-CFBE-4D91-A916-2D0A6ED1FAED}.Release|x64.Build.0 = Release|x64
		{6606C3DE-CFBE-4D91-A916-2D0A6ED1FAED}.Release|x86.ActiveCfg = Release|Win32
		{6606C3DE-CFBE-4D91-A916-2D0A6ED1FAED}.Release|x86.Build.0 = Release|Win32
		{15D51879-21DA-4C68-A746-483EAB12072E}.Debug|x64.ActiveCfg = Debug|x64
		{15D51879-21DA-4C68-A746-483EAB12072E}.Debug|x64.Build.0 = Debug|x64
		{15D51879-21DA-4C68-A746-483EAB12072E}.Debug|x86.ActiveCfg = Debug|Win32
		{15D51879-21DA-4C68-A746-483EAB12072E}.Debug|x86.Build.0 = Debug|Win32
		{15D51879-21DA-4C68-A746-483EAB12072E}.Release|x64.ActiveCfg = Release|x64
		{15D51879-21DA-4C68-A746-483EAB12072E}.Release|x64.Build.0 = Release|x64
		{15D51879-21DA-4C68-A746-483EAB12072E}.Release|x86.ActiveCfg = Release|Win32
		{15D51879-21DA-4C68-A746-483EAB12072E}.Release|x86.Build.0 = Release|Win32
		{8A5DE804-670F-47D2-87AE-559CBCD4F843}.Debug|x64.ActiveCfg = Debug|x64
		{8A5DE804-670F-47D2-87AE-559CBCD4F843}.Debug|x64.Build.0 = Debug|x64
		{8A5DE804-670F-47D2-87AE-559CBCD4F843}.Debug|x86.ActiveCfg = Debug|Win32
		{8A5DE804-670F-47D2-87AE-559CBCD4F843}.Debug|x86.Build.0 = Debug|Win32
		{8A5DE804-670F-47D2-87AE-559CBCD4F843}.Release|x64.ActiveCfg = Release|x64
		{8A5DE804-670F-47D2-87AE-559CBCD4F843}.Release|x64.Build.0 = Release|x64
		{8A5DE804-670F-47D2-87AE-559CBCD4F843}.Release|x86.ActiveCfg = Release|Win32
		{8A5DE804-670F-47D2-87AE-559CBCD4F843}.Release|x86.Build.0 = Release|Win32
		{01AC45B4-AE76-405A-A501-C2DF55C91CF7}.Debug|x64.ActiveCfg = Debug|x64
		{01AC45B4-AE76-405A-A501-C2DF55C91CF7}.Debug|x64.Build.0 = Debug|x64
		{01AC45B4-AE76-405A-A501-C2DF55C91CF7}.Debug|x86.ActiveCfg = Debug|Win32
		{01AC45B4-AE76-405A-A501-C2DF55C91CF7}.Debug|x86.Build.0 = Debug|Win32
		{01AC45B4-AE76-405A-A501-C2DF55C91CF7}.Release|x64.ActiveCfg = Release|x64
		{01AC45B4-AE76-405A-A501-C2DF55C91CF7}.Release|x64.Build.0 = Release|x64
		{01AC45B4-AE76-405A-A501-C2DF55C91CF7}.Release|x86.ActiveCfg = Release|Win32
		{01AC45B4-AE76-405A-A501-C2DF55C91CF7}.Release|x86.Build.0 = Release|Win32
	EndGlobalSection
	GlobalSection(SolutionProperties) = preSolution
		HideSolutionNode = FALSE
	EndGlobalSection
	GlobalSection(ExtensibilityGlobals) = postSolution
		SolutionGuid = {17424074-006F-4C7D-A7B5-15959DCAD381}
	EndGlobalSection
EndGlobal
